
Microsoft Visual Studio Solution File, Format Version 12.00
# Visual Studio Version 16
VisualStudioVersion = 16.0.30523.141
MinimumVisualStudioVersion = 10.0.40219.1
Project("{2150E333-8FDC-42A3-9474-1A3956D46DE8}") = "power", "power", "{1A5D9D3D-489B-4E99-A20E-3021A6BE91DC}"
EndProject
Project("{2150E333-8FDC-42A3-9474-1A3956D46DE8}") = "taskmgr", "taskmgr", "{A27A7D02-BC79-4A27-B69A-8E590E6DD07F}"
EndProject
Project("{2150E333-8FDC-42A3-9474-1A3956D46DE8}") = "windowmgr", "windowmgr", "{8FDCC836-C104-48A6-B423-F8AFC539A425}"
EndProject
Project("{2150E333-8FDC-42A3-9474-1A3956D46DE8}") = "network", "network", "{108CB465-E5CB-4C49-A869-D861D41DDAD0}"
EndProject
Project("{2150E333-8FDC-42A3-9474-1A3956D46DE8}") = "runapp", "runapp", "{68EA7B50-BF3D-42BD-AE01-2D4CD760C00F}"
EndProject
Project("{2150E333-8FDC-42A3-9474-1A3956D46DE8}") = "sysinfo", "sysinfo", "{521CF68D-CE85-40D8-BC1C-A2087A389495}"
EndProject
Project("{8BC9CEB8-8B4A-11D0-8D11-00A0C91BC942}") = "taskkill", "taskmgr\taskkill\taskkill.vcxproj", "{7D805A71-E82E-4654-9798-8E8F8E531703}"
EndProject
Project("{8BC9CEB8-8B4A-11D0-8D11-00A0C91BC942}") = "tasklist", "taskmgr\tasklist\tasklist.vcxproj", "{94A1E000-912D-479D-87CE-FBAA9B5A87DF}"
EndProject
Project("{8BC9CEB8-8B4A-11D0-8D11-00A0C91BC942}") = "powercfg", "power\powercfg\powercfg.vcxproj", "{FB58B5FC-D0AF-4DDA-B14E-87EBEEC5DD5D}"
EndProject
Project("{8BC9CEB8-8B4A-11D0-8D11-00A0C91BC942}") = "enumwindows", "windowmgr\enumwindows\enumwindows.vcxproj", "{D9F32327-9539-4E8D-B2E3-5F753DEED81E}"
EndProject
Project("{2150E333-8FDC-42A3-9474-1A3956D46DE8}") = "screenshoot", "screenshoot", "{3CD970B1-128A-4954-94F5-04F7BED934F4}"
EndProject
Project("{8BC9CEB8-8B4A-11D0-8D11-00A0C91BC942}") = "printscreen", "screenshoot\printscreen\printscreen.vcxproj", "{99BE4C23-B1FC-4E35-B214-BAFBB7AA56B1}"
EndProject
Project("{8BC9CEB8-8B4A-11D0-8D11-00A0C91BC942}") = "CoralRemoteAgent", "CoralRemoteAgent\CoralRemoteAgent.vcxproj", "{83394103-4893-4BB8-A536-F3DDE68D6D1F}"
EndProject
Project("{8BC9CEB8-8B4A-11D0-8D11-00A0C91BC942}") = "screenshootlist", "screenshoot\screenshootlist\screenshootlist.vcxproj", "{5AE4FA6E-2E5E-4D64-B823-52DE50DCFED0}"
EndProject
Project("{8BC9CEB8-8B4A-11D0-8D11-00A0C91BC942}") = "screenshootdelete", "screenshoot\screenshootdelete\screenshootdelete.vcxproj", "{F0C5E72E-B2AA-4012-938E-1B1691B5E75B}"
EndProject
Project("{8BC9CEB8-8B4A-11D0-8D11-00A0C91BC942}") = "windowkiller", "windowmgr\windowkiller\windowkiller.vcxproj", "{5A9F3F9E-B1F3-4700-91D4-7778CB6693AF}"
EndProject
Project("{8BC9CEB8-8B4A-11D0-8D11-00A0C91BC942}") = "HardwareInfo", "sysinfo\HardwareInfo\HardwareInfo.vcxproj", "{340C2127-7EA6-441C-BAE4-9C2A94497357}"
EndProject
Project("{8BC9CEB8-8B4A-11D0-8D11-00A0C91BC942}") = "SystemInfo", "sysinfo\SystemInfo\SystemInfo.vcxproj", "{94E19F5F-85F0-479F-B2B0-E46BB6ABBAA0}"
EndProject
Project("{8BC9CEB8-8B4A-11D0-8D11-00A0C91BC942}") = "RemoteControllerInfo", "sysinfo\RemoteControllerInfo\RemoteControllerInfo.vcxproj", "{ECA1617B-17F6-42B5-BBA6-A1BAEF7A67B5}"
EndProject
Project("{8BC9CEB8-8B4A-11D0-8D11-00A0C91BC942}") = "listapp", "runapp\listapp\listapp.vcxproj", "{D004FBC7-415F-49ED-9B79-02F756FFF21D}"
EndProject
Project("{8BC9CEB8-8B4A-11D0-8D11-00A0C91BC942}") = "run", "runapp\run\run.vcxproj", "{AAE7D7AA-C704-4203-9C0A-5F88550BBC0E}"
EndProject
Project("{2150E333-8FDC-42A3-9474-1A3956D46DE8}") = "EasterEggs", "EasterEggs", "{E72AFDA3-9726-4CF8-8A88-4C4D283EEF67}"
EndProject
Project("{8BC9CEB8-8B4A-11D0-8D11-00A0C91BC942}") = "SoundPlayer", "sysinfo\EasterEggs\SoundPlayer\SoundPlayer.vcxproj", "{B0D0ECBD-70F8-44B4-87AB-CFEB17777BE7}"
EndProject
Project("{8BC9CEB8-8B4A-11D0-8D11-00A0C91BC942}") = "deleteapp", "runapp\deleteapp\deleteapp.vcxproj", "{946A3E68-E1D4-4E95-8A28-E64D1A8F1C3F}"
EndProject
Project("{8BC9CEB8-8B4A-11D0-8D11-00A0C91BC942}") = "listrule", "network\listrule\listrule.vcxproj", "{F851CB37-D96B-4BAF-ABA5-F64A1217D196}"
EndProject
Project("{8BC9CEB8-8B4A-11D0-8D11-00A0C91BC942}") = "addrule", "network\addrule\addrule.vcxproj", "{B8425E1A-BD5F-4058-A9D3-6FD6C664DA82}"
EndProject
Project("{8BC9CEB8-8B4A-11D0-8D11-00A0C91BC942}") = "deleterule", "network\deleterule\deleterule.vcxproj", "{A9D50B5E-C2A0-41E2-85CD-442FDC49B616}"
EndProject
Project("{2150E333-8FDC-42A3-9474-1A3956D46DE8}") = "manage", "manage", "{E135AB0B-F9A7-4A70-8416-B50047CFF72D}"
EndProject
Project("{2150E333-8FDC-42A3-9474-1A3956D46DE8}") = "main", "main", "{144DF1F4-51C1-4A95-9107-DE468C0F723D}"
EndProject
Project("{2150E333-8FDC-42A3-9474-1A3956D46DE8}") = "settings", "settings", "{6798AABC-1DB2-4309-824B-2471DEDF95D4}"
EndProject
Project("{8BC9CEB8-8B4A-11D0-8D11-00A0C91BC942}") = "switcher", "manage\main\settings\switcher\switcher.vcxproj", "{624A1292-A55D-4693-8B45-EE9D94FF289A}"
EndProject
Project("{2150E333-8FDC-42A3-9474-1A3956D46DE8}") = "agent", "agent", "{FE2AA4FC-1058-4930-9A6D-C01DF9052A38}"
EndProject
Project("{8BC9CEB8-8B4A-11D0-8D11-00A0C91BC942}") = "AgentStarter", "agent\AgentStarter\AgentStarter.vcxproj", "{165176E5-BA2A-4AF6-8C3F-D0F36D17DEF1}"
EndProject
Project("{2150E333-8FDC-42A3-9474-1A3956D46DE8}") = "password", "password", "{90513B4A-CBAA-4E35-987C-9D5D5BD36AC7}"
EndProject
Project("{8BC9CEB8-8B4A-11D0-8D11-00A0C91BC942}") = "changepassword", "manage\main\settings\password\changepassword\changepassword.vcxproj", "{0D75E434-6B98-4246-805E-DB828798D2B7}"
EndProject
Global
	GlobalSection(SolutionConfigurationPlatforms) = preSolution
		Debug|x64 = Debug|x64
		Debug|x86 = Debug|x86
		Release|x64 = Release|x64
		Release|x86 = Release|x86
	EndGlobalSection
	GlobalSection(ProjectConfigurationPlatforms) = postSolution
		{7D805A71-E82E-4654-9798-8E8F8E531703}.Debug|x64.ActiveCfg = Debug|x64
		{7D805A71-E82E-4654-9798-8E8F8E531703}.Debug|x64.Build.0 = Debug|x64
		{7D805A71-E82E-4654-9798-8E8F8E531703}.Debug|x86.ActiveCfg = Debug|Win32
		{7D805A71-E82E-4654-9798-8E8F8E531703}.Debug|x86.Build.0 = Debug|Win32
		{7D805A71-E82E-4654-9798-8E8F8E531703}.Release|x64.ActiveCfg = Release|x64
		{7D805A71-E82E-4654-9798-8E8F8E531703}.Release|x64.Build.0 = Release|x64
		{7D805A71-E82E-4654-9798-8E8F8E531703}.Release|x86.ActiveCfg = Release|Win32
		{7D805A71-E82E-4654-9798-8E8F8E531703}.Release|x86.Build.0 = Release|Win32
		{94A1E000-912D-479D-87CE-FBAA9B5A87DF}.Debug|x64.ActiveCfg = Debug|x64
		{94A1E000-912D-479D-87CE-FBAA9B5A87DF}.Debug|x64.Build.0 = Debug|x64
		{94A1E000-912D-479D-87CE-FBAA9B5A87DF}.Debug|x86.ActiveCfg = Debug|Win32
		{94A1E000-912D-479D-87CE-FBAA9B5A87DF}.Debug|x86.Build.0 = Debug|Win32
		{94A1E000-912D-479D-87CE-FBAA9B5A87DF}.Release|x64.ActiveCfg = Release|x64
		{94A1E000-912D-479D-87CE-FBAA9B5A87DF}.Release|x64.Build.0 = Release|x64
		{94A1E000-912D-479D-87CE-FBAA9B5A87DF}.Release|x86.ActiveCfg = Release|Win32
		{94A1E000-912D-479D-87CE-FBAA9B5A87DF}.Release|x86.Build.0 = Release|Win32
		{FB58B5FC-D0AF-4DDA-B14E-87EBEEC5DD5D}.Debug|x64.ActiveCfg = Debug|x64
		{FB58B5FC-D0AF-4DDA-B14E-87EBEEC5DD5D}.Debug|x64.Build.0 = Debug|x64
		{FB58B5FC-D0AF-4DDA-B14E-87EBEEC5DD5D}.Debug|x86.ActiveCfg = Debug|Win32
		{FB58B5FC-D0AF-4DDA-B14E-87EBEEC5DD5D}.Debug|x86.Build.0 = Debug|Win32
		{FB58B5FC-D0AF-4DDA-B14E-87EBEEC5DD5D}.Release|x64.ActiveCfg = Release|x64
		{FB58B5FC-D0AF-4DDA-B14E-87EBEEC5DD5D}.Release|x64.Build.0 = Release|x64
		{FB58B5FC-D0AF-4DDA-B14E-87EBEEC5DD5D}.Release|x86.ActiveCfg = Release|Win32
		{FB58B5FC-D0AF-4DDA-B14E-87EBEEC5DD5D}.Release|x86.Build.0 = Release|Win32
		{D9F32327-9539-4E8D-B2E3-5F753DEED81E}.Debug|x64.ActiveCfg = Debug|x64
		{D9F32327-9539-4E8D-B2E3-5F753DEED81E}.Debug|x64.Build.0 = Debug|x64
		{D9F32327-9539-4E8D-B2E3-5F753DEED81E}.Debug|x86.ActiveCfg = Debug|Win32
		{D9F32327-9539-4E8D-B2E3-5F753DEED81E}.Debug|x86.Build.0 = Debug|Win32
		{D9F32327-9539-4E8D-B2E3-5F753DEED81E}.Release|x64.ActiveCfg = Release|x64
		{D9F32327-9539-4E8D-B2E3-5F753DEED81E}.Release|x64.Build.0 = Release|x64
		{D9F32327-9539-4E8D-B2E3-5F753DEED81E}.Release|x86.ActiveCfg = Release|Win32
		{D9F32327-9539-4E8D-B2E3-5F753DEED81E}.Release|x86.Build.0 = Release|Win32
		{99BE4C23-B1FC-4E35-B214-BAFBB7AA56B1}.Debug|x64.ActiveCfg = Debug|x64
		{99BE4C23-B1FC-4E35-B214-BAFBB7AA56B1}.Debug|x64.Build.0 = Debug|x64
		{99BE4C23-B1FC-4E35-B214-BAFBB7AA56B1}.Debug|x86.ActiveCfg = Debug|Win32
		{99BE4C23-B1FC-4E35-B214-BAFBB7AA56B1}.Debug|x86.Build.0 = Debug|Win32
		{99BE4C23-B1FC-4E35-B214-BAFBB7AA56B1}.Release|x64.ActiveCfg = Release|x64
		{99BE4C23-B1FC-4E35-B214-BAFBB7AA56B1}.Release|x64.Build.0 = Release|x64
		{99BE4C23-B1FC-4E35-B214-BAFBB7AA56B1}.Release|x86.ActiveCfg = Release|Win32
		{99BE4C23-B1FC-4E35-B214-BAFBB7AA56B1}.Release|x86.Build.0 = Release|Win32
		{83394103-4893-4BB8-A536-F3DDE68D6D1F}.Debug|x64.ActiveCfg = Debug|x64
		{83394103-4893-4BB8-A536-F3DDE68D6D1F}.Debug|x64.Build.0 = Debug|x64
		{83394103-4893-4BB8-A536-F3DDE68D6D1F}.Debug|x86.ActiveCfg = Debug|Win32
		{83394103-4893-4BB8-A536-F3DDE68D6D1F}.Debug|x86.Build.0 = Debug|Win32
		{83394103-4893-4BB8-A536-F3DDE68D6D1F}.Release|x64.ActiveCfg = Release|x64
		{83394103-4893-4BB8-A536-F3DDE68D6D1F}.Release|x64.Build.0 = Release|x64
		{83394103-4893-4BB8-A536-F3DDE68D6D1F}.Release|x86.ActiveCfg = Release|Win32
		{83394103-4893-4BB8-A536-F3DDE68D6D1F}.Release|x86.Build.0 = Release|Win32
		{5AE4FA6E-2E5E-4D64-B823-52DE50DCFED0}.Debug|x64.ActiveCfg = Debug|x64
		{5AE4FA6E-2E5E-4D64-B823-52DE50DCFED0}.Debug|x64.Build.0 = Debug|x64
		{5AE4FA6E-2E5E-4D64-B823-52DE50DCFED0}.Debug|x86.ActiveCfg = Debug|Win32
		{5AE4FA6E-2E5E-4D64-B823-52DE50DCFED0}.Debug|x86.Build.0 = Debug|Win32
		{5AE4FA6E-2E5E-4D64-B823-52DE50DCFED0}.Release|x64.ActiveCfg = Release|x64
		{5AE4FA6E-2E5E-4D64-B823-52DE50DCFED0}.Release|x64.Build.0 = Release|x64
		{5AE4FA6E-2E5E-4D64-B823-52DE50DCFED0}.Release|x86.ActiveCfg = Release|Win32
		{5AE4FA6E-2E5E-4D64-B823-52DE50DCFED0}.Release|x86.Build.0 = Release|Win32
		{F0C5E72E-B2AA-4012-938E-1B1691B5E75B}.Debug|x64.ActiveCfg = Debug|x64
		{F0C5E72E-B2AA-4012-938E-1B1691B5E75B}.Debug|x64.Build.0 = Debug|x64
		{F0C5E72E-B2AA-4012-938E-1B1691B5E75B}.Debug|x86.ActiveCfg = Debug|Win32
		{F0C5E72E-B2AA-4012-938E-1B1691B5E75B}.Debug|x86.Build.0 = Debug|Win32
		{F0C5E72E-B2AA-4012-938E-1B1691B5E75B}.Release|x64.ActiveCfg = Release|x64
		{F0C5E72E-B2AA-4012-938E-1B1691B5E75B}.Release|x64.Build.0 = Release|x64
		{F0C5E72E-B2AA-4012-938E-1B1691B5E75B}.Release|x86.ActiveCfg = Release|Win32
		{F0C5E72E-B2AA-4012-938E-1B1691B5E75B}.Release|x86.Build.0 = Release|Win32
		{5A9F3F9E-B1F3-4700-91D4-7778CB6693AF}.Debug|x64.ActiveCfg = Debug|x64
		{5A9F3F9E-B1F3-4700-91D4-7778CB6693AF}.Debug|x64.Build.0 = Debug|x64
		{5A9F3F9E-B1F3-4700-91D4-7778CB6693AF}.Debug|x86.ActiveCfg = Debug|Win32
		{5A9F3F9E-B1F3-4700-91D4-7778CB6693AF}.Debug|x86.Build.0 = Debug|Win32
		{5A9F3F9E-B1F3-4700-91D4-7778CB6693AF}.Release|x64.ActiveCfg = Release|x64
		{5A9F3F9E-B1F3-4700-91D4-7778CB6693AF}.Release|x64.Build.0 = Release|x64
		{5A9F3F9E-B1F3-4700-91D4-7778CB6693AF}.Release|x86.ActiveCfg = Release|Win32
		{5A9F3F9E-B1F3-4700-91D4-7778CB6693AF}.Release|x86.Build.0 = Release|Win32
		{340C2127-7EA6-441C-BAE4-9C2A94497357}.Debug|x64.ActiveCfg = Debug|x64
		{340C2127-7EA6-441C-BAE4-9C2A94497357}.Debug|x64.Build.0 = Debug|x64
		{340C2127-7EA6-441C-BAE4-9C2A94497357}.Debug|x86.ActiveCfg = Debug|Win32
		{340C2127-7EA6-441C-BAE4-9C2A94497357}.Debug|x86.Build.0 = Debug|Win32
		{340C2127-7EA6-441C-BAE4-9C2A94497357}.Release|x64.ActiveCfg = Release|x64
		{340C2127-7EA6-441C-BAE4-9C2A94497357}.Release|x64.Build.0 = Release|x64
		{340C2127-7EA6-441C-BAE4-9C2A94497357}.Release|x86.ActiveCfg = Release|Win32
		{340C2127-7EA6-441C-BAE4-9C2A94497357}.Release|x86.Build.0 = Release|Win32
		{94E19F5F-85F0-479F-B2B0-E46BB6ABBAA0}.Debug|x64.ActiveCfg = Debug|x64
		{94E19F5F-85F0-479F-B2B0-E46BB6ABBAA0}.Debug|x64.Build.0 = Debug|x64
		{94E19F5F-85F0-479F-B2B0-E46BB6ABBAA0}.Debug|x86.ActiveCfg = Debug|Win32
		{94E19F5F-85F0-479F-B2B0-E46BB6ABBAA0}.Debug|x86.Build.0 = Debug|Win32
		{94E19F5F-85F0-479F-B2B0-E46BB6ABBAA0}.Release|x64.ActiveCfg = Release|x64
		{94E19F5F-85F0-479F-B2B0-E46BB6ABBAA0}.Release|x64.Build.0 = Release|x64
		{94E19F5F-85F0-479F-B2B0-E46BB6ABBAA0}.Release|x86.ActiveCfg = Release|Win32
		{94E19F5F-85F0-479F-B2B0-E46BB6ABBAA0}.Release|x86.Build.0 = Release|Win32
		{ECA1617B-17F6-42B5-BBA6-A1BAEF7A67B5}.Debug|x64.ActiveCfg = Debug|x64
		{ECA1617B-17F6-42B5-BBA6-A1BAEF7A67B5}.Debug|x64.Build.0 = Debug|x64
		{ECA1617B-17F6-42B5-BBA6-A1BAEF7A67B5}.Debug|x86.ActiveCfg = Debug|Win32
		{ECA1617B-17F6-42B5-BBA6-A1BAEF7A67B5}.Debug|x86.Build.0 = Debug|Win32
		{ECA1617B-17F6-42B5-BBA6-A1BAEF7A67B5}.Release|x64.ActiveCfg = Release|x64
		{ECA1617B-17F6-42B5-BBA6-A1BAEF7A67B5}.Release|x64.Build.0 = Release|x64
		{ECA1617B-17F6-42B5-BBA6-A1BAEF7A67B5}.Release|x86.ActiveCfg = Release|Win32
		{ECA1617B-17F6-42B5-BBA6-A1BAEF7A67B5}.Release|x86.Build.0 = Release|Win32
		{D004FBC7-415F-49ED-9B79-02F756FFF21D}.Debug|x64.ActiveCfg = Debug|x64
		{D004FBC7-415F-49ED-9B79-02F756FFF21D}.Debug|x64.Build.0 = Debug|x64
		{D004FBC7-415F-49ED-9B79-02F756FFF21D}.Debug|x86.ActiveCfg = Debug|Win32
		{D004FBC7-415F-49ED-9B79-02F756FFF21D}.Debug|x86.Build.0 = Debug|Win32
		{D004FBC7-415F-49ED-9B79-02F756FFF21D}.Release|x64.ActiveCfg = Release|x64
		{D004FBC7-415F-49ED-9B79-02F756FFF21D}.Release|x64.Build.0 = Release|x64
		{D004FBC7-415F-49ED-9B79-02F756FFF21D}.Release|x86.ActiveCfg = Release|Win32
		{D004FBC7-415F-49ED-9B79-02F756FFF21D}.Release|x86.Build.0 = Release|Win32
		{AAE7D7AA-C704-4203-9C0A-5F88550BBC0E}.Debug|x64.ActiveCfg = Debug|x64
		{AAE7D7AA-C704-4203-9C0A-5F88550BBC0E}.Debug|x64.Build.0 = Debug|x64
		{AAE7D7AA-C704-4203-9C0A-5F88550BBC0E}.Debug|x86.ActiveCfg = Debug|Win32
		{AAE7D7AA-C704-4203-9C0A-5F88550BBC0E}.Debug|x86.Build.0 = Debug|Win32
		{AAE7D7AA-C704-4203-9C0A-5F88550BBC0E}.Release|x64.ActiveCfg = Release|x64
		{AAE7D7AA-C704-4203-9C0A-5F88550BBC0E}.Release|x64.Build.0 = Release|x64
		{AAE7D7AA-C704-4203-9C0A-5F88550BBC0E}.Release|x86.ActiveCfg = Release|Win32
		{AAE7D7AA-C704-4203-9C0A-5F88550BBC0E}.Release|x86.Build.0 = Release|Win32
		{B0D0ECBD-70F8-44B4-87AB-CFEB17777BE7}.Debug|x64.ActiveCfg = Debug|x64
		{B0D0ECBD-70F8-44B4-87AB-CFEB17777BE7}.Debug|x64.Build.0 = Debug|x64
		{B0D0ECBD-70F8-44B4-87AB-CFEB17777BE7}.Debug|x86.ActiveCfg = Debug|Win32
		{B0D0ECBD-70F8-44B4-87AB-CFEB17777BE7}.Debug|x86.Build.0 = Debug|Win32
		{B0D0ECBD-70F8-44B4-87AB-CFEB17777BE7}.Release|x64.ActiveCfg = Release|x64
		{B0D0ECBD-70F8-44B4-87AB-CFEB17777BE7}.Release|x64.Build.0 = Release|x64
		{B0D0ECBD-70F8-44B4-87AB-CFEB17777BE7}.Release|x86.ActiveCfg = Release|Win32
		{B0D0ECBD-70F8-44B4-87AB-CFEB17777BE7}.Release|x86.Build.0 = Release|Win32
		{946A3E68-E1D4-4E95-8A28-E64D1A8F1C3F}.Debug|x64.ActiveCfg = Debug|x64
		{946A3E68-E1D4-4E95-8A28-E64D1A8F1C3F}.Debug|x64.Build.0 = Debug|x64
		{946A3E68-E1D4-4E95-8A28-E64D1A8F1C3F}.Debug|x86.ActiveCfg = Debug|Win32
		{946A3E68-E1D4-4E95-8A28-E64D1A8F1C3F}.Debug|x86.Build.0 = Debug|Win32
		{946A3E68-E1D4-4E95-8A28-E64D1A8F1C3F}.Release|x64.ActiveCfg = Release|x64
		{946A3E68-E1D4-4E95-8A28-E64D1A8F1C3F}.Release|x64.Build.0 = Release|x64
		{946A3E68-E1D4-4E95-8A28-E64D1A8F1C3F}.Release|x86.ActiveCfg = Release|Win32
		{946A3E68-E1D4-4E95-8A28-E64D1A8F1C3F}.Release|x86.Build.0 = Release|Win32
		{F851CB37-D96B-4BAF-ABA5-F64A1217D196}.Debug|x64.ActiveCfg = Debug|x64
		{F851CB37-D96B-4BAF-ABA5-F64A1217D196}.Debug|x64.Build.0 = Debug|x64
		{F851CB37-D96B-4BAF-ABA5-F64A1217D196}.Debug|x86.ActiveCfg = Debug|Win32
		{F851CB37-D96B-4BAF-ABA5-F64A1217D196}.Debug|x86.Build.0 = Debug|Win32
		{F851CB37-D96B-4BAF-ABA5-F64A1217D196}.Release|x64.ActiveCfg = Release|x64
		{F851CB37-D96B-4BAF-ABA5-F64A1217D196}.Release|x64.Build.0 = Release|x64
		{F851CB37-D96B-4BAF-ABA5-F64A1217D196}.Release|x86.ActiveCfg = Release|Win32
		{F851CB37-D96B-4BAF-ABA5-F64A1217D196}.Release|x86.Build.0 = Release|Win32
		{B8425E1A-BD5F-4058-A9D3-6FD6C664DA82}.Debug|x64.ActiveCfg = Debug|x64
		{B8425E1A-BD5F-4058-A9D3-6FD6C664DA82}.Debug|x64.Build.0 = Debug|x64
		{B8425E1A-BD5F-4058-A9D3-6FD6C664DA82}.Debug|x86.ActiveCfg = Debug|Win32
		{B8425E1A-BD5F-4058-A9D3-6FD6C664DA82}.Debug|x86.Build.0 = Debug|Win32
		{B8425E1A-BD5F-4058-A9D3-6FD6C664DA82}.Release|x64.ActiveCfg = Release|x64
		{B8425E1A-BD5F-4058-A9D3-6FD6C664DA82}.Release|x64.Build.0 = Release|x64
		{B8425E1A-BD5F-4058-A9D3-6FD6C664DA82}.Release|x86.ActiveCfg = Release|Win32
		{B8425E1A-BD5F-4058-A9D3-6FD6C664DA82}.Release|x86.Build.0 = Release|Win32
		{A9D50B5E-C2A0-41E2-85CD-442FDC49B616}.Debug|x64.ActiveCfg = Debug|x64
		{A9D50B5E-C2A0-41E2-85CD-442FDC49B616}.Debug|x64.Build.0 = Debug|x64
		{A9D50B5E-C2A0-41E2-85CD-442FDC49B616}.Debug|x86.ActiveCfg = Debug|Win32
		{A9D50B5E-C2A0-41E2-85CD-442FDC49B616}.Debug|x86.Build.0 = Debug|Win32
		{A9D50B5E-C2A0-41E2-85CD-442FDC49B616}.Release|x64.ActiveCfg = Release|x64
		{A9D50B5E-C2A0-41E2-85CD-442FDC49B616}.Release|x64.Build.0 = Release|x64
		{A9D50B5E-C2A0-41E2-85CD-442FDC49B616}.Release|x86.ActiveCfg = Release|Win32
		{A9D50B5E-C2A0-41E2-85CD-442FDC49B616}.Release|x86.Build.0 = Release|Win32
		{624A1292-A55D-4693-8B45-EE9D94FF289A}.Debug|x64.ActiveCfg = Debug|x64
		{624A1292-A55D-4693-8B45-EE9D94FF289A}.Debug|x64.Build.0 = Debug|x64
		{624A1292-A55D-4693-8B45-EE9D94FF289A}.Debug|x86.ActiveCfg = Debug|Win32
		{624A1292-A55D-4693-8B45-EE9D94FF289A}.Debug|x86.Build.0 = Debug|Win32
		{624A1292-A55D-4693-8B45-EE9D94FF289A}.Release|x64.ActiveCfg = Release|x64
		{624A1292-A55D-4693-8B45-EE9D94FF289A}.Release|x64.Build.0 = Release|x64
		{624A1292-A55D-4693-8B45-EE9D94FF289A}.Release|x86.ActiveCfg = Release|Win32
		{624A1292-A55D-4693-8B45-EE9D94FF289A}.Release|x86.Build.0 = Release|Win32
		{165176E5-BA2A-4AF6-8C3F-D0F36D17DEF1}.Debug|x64.ActiveCfg = Debug|x64
		{165176E5-BA2A-4AF6-8C3F-D0F36D17DEF1}.Debug|x64.Build.0 = Debug|x64
		{165176E5-BA2A-4AF6-8C3F-D0F36D17DEF1}.Debug|x86.ActiveCfg = Debug|Win32
		{165176E5-BA2A-4AF6-8C3F-D0F36D17DEF1}.Debug|x86.Build.0 = Debug|Win32
		{165176E5-BA2A-4AF6-8C3F-D0F36D17DEF1}.Release|x64.ActiveCfg = Release|x64
		{165176E5-BA2A-4AF6-8C3F-D0F36D17DEF1}.Release|x64.Build.0 = Release|x64
		{165176E5-BA2A-4AF6-8C3F-D0F36D17DEF1}.Release|x86.ActiveCfg = Release|Win32
		{165176E5-BA2A-4AF6-8C3F-D0F36D17DEF1}.Release|x86.Build.0 = Release|Win32
		{0D75E434-6B98-4246-805E-DB828798D2B7}.Debug|x64.ActiveCfg = Debug|x64
		{0D75E434-6B98-4246-805E-DB828798D2B7}.Debug|x64.Build.0 = Debug|x64
		{0D75E434-6B98-4246-805E-DB828798D2B7}.Debug|x86.ActiveCfg = Debug|Win32
		{0D75E434-6B98-4246-805E-DB828798D2B7}.Debug|x86.Build.0 = Debug|Win32
		{0D75E434-6B98-4246-805E-DB828798D2B7}.Release|x64.ActiveCfg = Release|x64
		{0D75E434-6B98-4246-805E-DB828798D2B7}.Release|x64.Build.0 = Release|x64
		{0D75E434-6B98-4246-805E-DB828798D2B7}.Release|x86.ActiveCfg = Release|Win32
		{0D75E434-6B98-4246-805E-DB828798D2B7}.Release|x86.Build.0 = Release|Win32
	EndGlobalSection
	GlobalSection(SolutionProperties) = preSolution
		HideSolutionNode = FALSE
	EndGlobalSection
	GlobalSection(NestedProjects) = preSolution
		{7D805A71-E82E-4654-9798-8E8F8E531703} = {A27A7D02-BC79-4A27-B69A-8E590E6DD07F}
		{94A1E000-912D-479D-87CE-FBAA9B5A87DF} = {A27A7D02-BC79-4A27-B69A-8E590E6DD07F}
		{FB58B5FC-D0AF-4DDA-B14E-87EBEEC5DD5D} = {1A5D9D3D-489B-4E99-A20E-3021A6BE91DC}
		{D9F32327-9539-4E8D-B2E3-5F753DEED81E} = {8FDCC836-C104-48A6-B423-F8AFC539A425}
		{99BE4C23-B1FC-4E35-B214-BAFBB7AA56B1} = {3CD970B1-128A-4954-94F5-04F7BED934F4}
		{83394103-4893-4BB8-A536-F3DDE68D6D1F} = {FE2AA4FC-1058-4930-9A6D-C01DF9052A38}
		{5AE4FA6E-2E5E-4D64-B823-52DE50DCFED0} = {3CD970B1-128A-4954-94F5-04F7BED934F4}
		{F0C5E72E-B2AA-4012-938E-1B1691B5E75B} = {3CD970B1-128A-4954-94F5-04F7BED934F4}
		{5A9F3F9E-B1F3-4700-91D4-7778CB6693AF} = {8FDCC836-C104-48A6-B423-F8AFC539A425}
		{340C2127-7EA6-441C-BAE4-9C2A94497357} = {521CF68D-CE85-40D8-BC1C-A2087A389495}
		{94E19F5F-85F0-479F-B2B0-E46BB6ABBAA0} = {521CF68D-CE85-40D8-BC1C-A2087A389495}
		{ECA1617B-17F6-42B5-BBA6-A1BAEF7A67B5} = {521CF68D-CE85-40D8-BC1C-A2087A389495}
		{D004FBC7-415F-49ED-9B79-02F756FFF21D} = {68EA7B50-BF3D-42BD-AE01-2D4CD760C00F}
		{AAE7D7AA-C704-4203-9C0A-5F88550BBC0E} = {68EA7B50-BF3D-42BD-AE01-2D4CD760C00F}
		{E72AFDA3-9726-4CF8-8A88-4C4D283EEF67} = {521CF68D-CE85-40D8-BC1C-A2087A389495}
		{B0D0ECBD-70F8-44B4-87AB-CFEB17777BE7} = {E72AFDA3-9726-4CF8-8A88-4C4D283EEF67}
		{946A3E68-E1D4-4E95-8A28-E64D1A8F1C3F} = {68EA7B50-BF3D-42BD-AE01-2D4CD760C00F}
		{F851CB37-D96B-4BAF-ABA5-F64A1217D196} = {108CB465-E5CB-4C49-A869-D861D41DDAD0}
		{B8425E1A-BD5F-4058-A9D3-6FD6C664DA82} = {108CB465-E5CB-4C49-A869-D861D41DDAD0}
		{A9D50B5E-C2A0-41E2-85CD-442FDC49B616} = {108CB465-E5CB-4C49-A869-D861D41DDAD0}
		{144DF1F4-51C1-4A95-9107-DE468C0F723D} = {E135AB0B-F9A7-4A70-8416-B50047CFF72D}
		{6798AABC-1DB2-4309-824B-2471DEDF95D4} = {144DF1F4-51C1-4A95-9107-DE468C0F723D}
		{624A1292-A55D-4693-8B45-EE9D94FF289A} = {6798AABC-1DB2-4309-824B-2471DEDF95D4}
		{165176E5-BA2A-4AF6-8C3F-D0F36D17DEF1} = {FE2AA4FC-1058-4930-9A6D-C01DF9052A38}
		{90513B4A-CBAA-4E35-987C-9D5D5BD36AC7} = {6798AABC-1DB2-4309-824B-2471DEDF95D4}
		{0D75E434-6B98-4246-805E-DB828798D2B7} = {90513B4A-CBAA-4E35-987C-9D5D5BD36AC7}
	EndGlobalSection
	GlobalSection(ExtensibilityGlobals) = postSolution
		SolutionGuid = {D9F6A639-113B-4859-B68C-967D3546B786}
	EndGlobalSection
EndGlobal
